
Microsoft Visual Studio Solution File, Format Version 12.00
# Visual Studio 2013
VisualStudioVersion = 12.0.21005.1
MinimumVisualStudioVersion = 10.0.40219.1
Project("{FAE04EC0-301F-11D3-BF4B-00C04F79EFBC}") = "XamlAttributeOrdering.8.0", "XamlAttributeOrdering\XamlAttributeOrdering\XamlAttributeOrdering.8.0.csproj", "{FBD179CA-6647-47D7-980D-342AEA5629B2}"
EndProject
Project("{FAE04EC0-301F-11D3-BF4B-00C04F79EFBC}") = "XamlAttributeOrdering.8.0.Tests", "XamlAttributeOrdering\XamlAttributeOrdering.Tests\XamlAttributeOrdering.8.0.Tests.csproj", "{E4983A55-5305-4D3E-924E-BDA9CC6692CE}"
EndProject
Project("{2150E333-8FDC-42A3-9474-1A3956D46DE8}") = "ReSharper 8.0", "ReSharper 8.0", "{B6CE0A92-4701-41A9-A74B-B284816954B6}"
EndProject
Project("{2150E333-8FDC-42A3-9474-1A3956D46DE8}") = "ReSharper 8.1", "ReSharper 8.1", "{34B5526F-FF66-4F70-9FE1-E2AD220F7C71}"
EndProject
Project("{FAE04EC0-301F-11D3-BF4B-00C04F79EFBC}") = "XamlAttributeOrdering.8.1", "XamlAttributeOrdering\XamlAttributeOrdering\XamlAttributeOrdering.8.1.csproj", "{7A15BCD9-A55E-4899-8BB3-D90E4186FDB2}"
EndProject
Project("{FAE04EC0-301F-11D3-BF4B-00C04F79EFBC}") = "XamlAttributeOrdering.8.1.Tests", "XamlAttributeOrdering\XamlAttributeOrdering.Tests\XamlAttributeOrdering.8.1.Tests.csproj", "{6A81B18C-42EF-4938-8BA2-F8A3A4E2DA4F}"
EndProject
Project("{2150E333-8FDC-42A3-9474-1A3956D46DE8}") = ".nuget", ".nuget", "{A98A0A17-F81B-41DB-A0F9-EAF4C2BA5583}"
	ProjectSection(SolutionItems) = preProject
		.nuget\NuGet.Config = .nuget\NuGet.Config
		.nuget\NuGet.exe = .nuget\NuGet.exe
		.nuget\NuGet.targets = .nuget\NuGet.targets
		.nuget\packages.config = .nuget\packages.config
	EndProjectSection
EndProject
Global
	GlobalSection(SolutionConfigurationPlatforms) = preSolution
		Debug|Any CPU = Debug|Any CPU
		Release|Any CPU = Release|Any CPU
	EndGlobalSection
	GlobalSection(ProjectConfigurationPlatforms) = postSolution
		{FBD179CA-6647-47D7-980D-342AEA5629B2}.Debug|Any CPU.ActiveCfg = Debug|Any CPU
		{FBD179CA-6647-47D7-980D-342AEA5629B2}.Debug|Any CPU.Build.0 = Debug|Any CPU
		{FBD179CA-6647-47D7-980D-342AEA5629B2}.Release|Any CPU.ActiveCfg = Release|Any CPU
		{FBD179CA-6647-47D7-980D-342AEA5629B2}.Release|Any CPU.Build.0 = Release|Any CPU
		{E4983A55-5305-4D3E-924E-BDA9CC6692CE}.Debug|Any CPU.ActiveCfg = Debug|Any CPU
		{E4983A55-5305-4D3E-924E-BDA9CC6692CE}.Debug|Any CPU.Build.0 = Debug|Any CPU
		{E4983A55-5305-4D3E-924E-BDA9CC6692CE}.Release|Any CPU.ActiveCfg = Release|Any CPU
		{E4983A55-5305-4D3E-924E-BDA9CC6692CE}.Release|Any CPU.Build.0 = Release|Any CPU
		{7A15BCD9-A55E-4899-8BB3-D90E4186FDB2}.Debug|Any CPU.ActiveCfg = Debug|Any CPU
		{7A15BCD9-A55E-4899-8BB3-D90E4186FDB2}.Debug|Any CPU.Build.0 = Debug|Any CPU
		{7A15BCD9-A55E-4899-8BB3-D90E4186FDB2}.Release|Any CPU.ActiveCfg = Release|Any CPU
		{7A15BCD9-A55E-4899-8BB3-D90E4186FDB2}.Release|Any CPU.Build.0 = Release|Any CPU
		{6A81B18C-42EF-4938-8BA2-F8A3A4E2DA4F}.Debug|Any CPU.ActiveCfg = Debug|Any CPU
		{6A81B18C-42EF-4938-8BA2-F8A3A4E2DA4F}.Debug|Any CPU.Build.0 = Debug|Any CPU
		{6A81B18C-42EF-4938-8BA2-F8A3A4E2DA4F}.Release|Any CPU.ActiveCfg = Release|Any CPU
		{6A81B18C-42EF-4938-8BA2-F8A3A4E2DA4F}.Release|Any CPU.Build.0 = Release|Any CPU
	EndGlobalSection
	GlobalSection(SolutionProperties) = preSolution
		HideSolutionNode = FALSE
	EndGlobalSection
	GlobalSection(NestedProjects) = preSolution
		{E4983A55-5305-4D3E-924E-BDA9CC6692CE} = {B6CE0A92-4701-41A9-A74B-B284816954B6}
		{FBD179CA-6647-47D7-980D-342AEA5629B2} = {B6CE0A92-4701-41A9-A74B-B284816954B6}
		{7A15BCD9-A55E-4899-8BB3-D90E4186FDB2} = {34B5526F-FF66-4F70-9FE1-E2AD220F7C71}
		{6A81B18C-42EF-4938-8BA2-F8A3A4E2DA4F} = {34B5526F-FF66-4F70-9FE1-E2AD220F7C71}
	EndGlobalSection
EndGlobal
